// !$*UTF8*$!
{
	archiveVersion = 1;
	classes = {
	};
	objectVersion = 55;
	objects = {

/* Begin PBXAggregateTarget section */
		31EA09FF28BF175400D06887 /* xcframework */ = {
			isa = PBXAggregateTarget;
			buildConfigurationList = 31EA0A0028BF175400D06887 /* Build configuration list for PBXAggregateTarget "xcframework" */;
			buildPhases = (
				31EA0A0528BF177300D06887 /* ShellScript */,
			);
			dependencies = (
				31EA0A0428BF176500D06887 /* PBXTargetDependency */,
			);
			name = xcframework;
			productName = xcframework;
		};
/* End PBXAggregateTarget section */

/* Begin PBXBuildFile section */
		31EA09F228BF04CF00D06887 /* HelloKit2.h in Headers */ = {isa = PBXBuildFile; fileRef = 31EA09F128BF04CF00D06887 /* HelloKit2.h */; settings = {ATTRIBUTES = (Public, ); }; };
		31EA09F728BF04EA00D06887 /* SwiftyHello.swift in Sources */ = {isa = PBXBuildFile; fileRef = 31EA09F628BF04EA00D06887 /* SwiftyHello.swift */; };
/* End PBXBuildFile section */

/* Begin PBXContainerItemProxy section */
		31EA0A0328BF176500D06887 /* PBXContainerItemProxy */ = {
			isa = PBXContainerItemProxy;
			containerPortal = 31EA09E328BF04A000D06887 /* Project object */;
			proxyType = 1;
			remoteGlobalIDString = 31EA09ED28BF04CF00D06887;
			remoteInfo = HelloKit2;
		};
/* End PBXContainerItemProxy section */

/* Begin PBXFileReference section */
		31EA09EE28BF04CF00D06887 /* HelloKit2.framework */ = {isa = PBXFileReference; explicitFileType = wrapper.framework; includeInIndex = 0; path = HelloKit2.framework; sourceTree = BUILT_PRODUCTS_DIR; };
		31EA09F128BF04CF00D06887 /* HelloKit2.h */ = {isa = PBXFileReference; lastKnownFileType = sourcecode.c.h; path = HelloKit2.h; sourceTree = "<group>"; };
		31EA09F628BF04EA00D06887 /* SwiftyHello.swift */ = {isa = PBXFileReference; lastKnownFileType = sourcecode.swift; path = SwiftyHello.swift; sourceTree = "<group>"; };
		31EA09FE28BF09B000D06887 /* README.md */ = {isa = PBXFileReference; lastKnownFileType = net.daringfireball.markdown; path = README.md; sourceTree = "<group>"; };
/* End PBXFileReference section */

/* Begin PBXFrameworksBuildPhase section */
		31EA09EB28BF04CF00D06887 /* Frameworks */ = {
			isa = PBXFrameworksBuildPhase;
			buildActionMask = 2147483647;
			files = (
			);
			runOnlyForDeploymentPostprocessing = 0;
		};
/* End PBXFrameworksBuildPhase section */

/* Begin PBXGroup section */
		31EA09E228BF04A000D06887 = {
			isa = PBXGroup;
			children = (
				31EA09FE28BF09B000D06887 /* README.md */,
				31EA09F028BF04CF00D06887 /* HelloKit2 */,
				31EA09EF28BF04CF00D06887 /* Products */,
			);
			sourceTree = "<group>";
		};
		31EA09EF28BF04CF00D06887 /* Products */ = {
			isa = PBXGroup;
			children = (
				31EA09EE28BF04CF00D06887 /* HelloKit2.framework */,
			);
			name = Products;
			sourceTree = "<group>";
		};
		31EA09F028BF04CF00D06887 /* HelloKit2 */ = {
			isa = PBXGroup;
			children = (
				31EA09F128BF04CF00D06887 /* HelloKit2.h */,
				31EA09F628BF04EA00D06887 /* SwiftyHello.swift */,
			);
			path = HelloKit2;
			sourceTree = "<group>";
		};
/* End PBXGroup section */

/* Begin PBXHeadersBuildPhase section */
		31EA09E928BF04CF00D06887 /* Headers */ = {
			isa = PBXHeadersBuildPhase;
			buildActionMask = 2147483647;
			files = (
				31EA09F228BF04CF00D06887 /* HelloKit2.h in Headers */,
			);
			runOnlyForDeploymentPostprocessing = 0;
		};
/* End PBXHeadersBuildPhase section */

/* Begin PBXNativeTarget section */
		31EA09ED28BF04CF00D06887 /* HelloKit2 */ = {
			isa = PBXNativeTarget;
			buildConfigurationList = 31EA09F328BF04CF00D06887 /* Build configuration list for PBXNativeTarget "HelloKit2" */;
			buildPhases = (
				31EA09E928BF04CF00D06887 /* Headers */,
				31EA09EA28BF04CF00D06887 /* Sources */,
				31EA09EB28BF04CF00D06887 /* Frameworks */,
				31EA09EC28BF04CF00D06887 /* Resources */,
			);
			buildRules = (
			);
			dependencies = (
			);
			name = HelloKit2;
			productName = HelloKit2;
			productReference = 31EA09EE28BF04CF00D06887 /* HelloKit2.framework */;
			productType = "com.apple.product-type.framework";
		};
/* End PBXNativeTarget section */

/* Begin PBXProject section */
		31EA09E328BF04A000D06887 /* Project object */ = {
			isa = PBXProject;
			attributes = {
				BuildIndependentTargetsInParallel = 1;
				LastUpgradeCheck = 1340;
				TargetAttributes = {
					31EA09ED28BF04CF00D06887 = {
						CreatedOnToolsVersion = 13.4.1;
						LastSwiftMigration = 1340;
					};
					31EA09FF28BF175400D06887 = {
						CreatedOnToolsVersion = 13.4.1;
					};
				};
			};
			buildConfigurationList = 31EA09E628BF04A000D06887 /* Build configuration list for PBXProject "HelloKit2" */;
			compatibilityVersion = "Xcode 13.0";
			developmentRegion = en;
			hasScannedForEncodings = 0;
			knownRegions = (
				en,
				Base,
			);
			mainGroup = 31EA09E228BF04A000D06887;
			productRefGroup = 31EA09EF28BF04CF00D06887 /* Products */;
			projectDirPath = "";
			projectRoot = "";
			targets = (
				31EA09ED28BF04CF00D06887 /* HelloKit2 */,
				31EA09FF28BF175400D06887 /* xcframework */,
			);
		};
/* End PBXProject section */

/* Begin PBXResourcesBuildPhase section */
		31EA09EC28BF04CF00D06887 /* Resources */ = {
			isa = PBXResourcesBuildPhase;
			buildActionMask = 2147483647;
			files = (
			);
			runOnlyForDeploymentPostprocessing = 0;
		};
/* End PBXResourcesBuildPhase section */

/* Begin PBXShellScriptBuildPhase section */
		31EA0A0528BF177300D06887 /* ShellScript */ = {
			isa = PBXShellScriptBuildPhase;
			buildActionMask = 2147483647;
			files = (
			);
			inputFileListPaths = (
			);
			inputPaths = (
			);
			outputFileListPaths = (
			);
			outputPaths = (
			);
			runOnlyForDeploymentPostprocessing = 0;
			shellPath = /bin/sh;
			shellScript = "rm -r build\nxcodebuild archive -project HelloKit2.xcodeproj -scheme HelloKit2 -destination 'generic/platform=iOS' -archivePath \"build/iphoneos/HelloKit2\"\nxcodebuild archive -project HelloKit2.xcodeproj -scheme HelloKit2 -destination 'generic/platform=iOS Simulator' -archivePath 'build/iphonesimulator/HelloKit2'\nxcodebuild -create-xcframework -framework build/iphoneos/HelloKit2.xcarchive/Products/Library/Frameworks/HelloKit2.framework -framework build/iphonesimulator/HelloKit2.xcarchive/Products/Library/Frameworks/HelloKit2.framework -output 'build/HelloKit2.xcframework'\n";
		};
/* End PBXShellScriptBuildPhase section */

/* Begin PBXSourcesBuildPhase section */
		31EA09EA28BF04CF00D06887 /* Sources */ = {
			isa = PBXSourcesBuildPhase;
			buildActionMask = 2147483647;
			files = (
				31EA09F728BF04EA00D06887 /* SwiftyHello.swift in Sources */,
			);
			runOnlyForDeploymentPostprocessing = 0;
		};
/* End PBXSourcesBuildPhase section */

/* Begin PBXTargetDependency section */
		31EA0A0428BF176500D06887 /* PBXTargetDependency */ = {
			isa = PBXTargetDependency;
			target = 31EA09ED28BF04CF00D06887 /* HelloKit2 */;
			targetProxy = 31EA0A0328BF176500D06887 /* PBXContainerItemProxy */;
		};
/* End PBXTargetDependency section */

/* Begin XCBuildConfiguration section */
		31EA09E728BF04A000D06887 /* Debug */ = {
			isa = XCBuildConfiguration;
			buildSettings = {
			};
			name = Debug;
		};
		31EA09E828BF04A000D06887 /* Release */ = {
			isa = XCBuildConfiguration;
			buildSettings = {
			};
			name = Release;
		};
		31EA09F428BF04CF00D06887 /* Debug */ = {
			isa = XCBuildConfiguration;
			buildSettings = {
				ALWAYS_SEARCH_USER_PATHS = NO;
				BUILD_LIBRARY_FOR_DISTRIBUTION = YES;
				CLANG_ALLOW_NON_MODULAR_INCLUDES_IN_FRAMEWORK_MODULES = YES;
				CLANG_ANALYZER_NONNULL = YES;
				CLANG_ANALYZER_NUMBER_OBJECT_CONVERSION = YES_AGGRESSIVE;
				CLANG_CXX_LANGUAGE_STANDARD = "gnu++17";
				CLANG_ENABLE_MODULES = YES;
				CLANG_ENABLE_OBJC_ARC = YES;
				CLANG_ENABLE_OBJC_WEAK = YES;
				CLANG_WARN_BLOCK_CAPTURE_AUTORELEASING = YES;
				CLANG_WARN_BOOL_CONVERSION = YES;
				CLANG_WARN_COMMA = YES;
				CLANG_WARN_CONSTANT_CONVERSION = YES;
				CLANG_WARN_DEPRECATED_OBJC_IMPLEMENTATIONS = YES;
				CLANG_WARN_DIRECT_OBJC_ISA_USAGE = YES_ERROR;
				CLANG_WARN_DOCUMENTATION_COMMENTS = YES;
				CLANG_WARN_EMPTY_BODY = YES;
				CLANG_WARN_ENUM_CONVERSION = YES;
				CLANG_WARN_INFINITE_RECURSION = YES;
				CLANG_WARN_INT_CONVERSION = YES;
				CLANG_WARN_NON_LITERAL_NULL_CONVERSION = YES;
				CLANG_WARN_OBJC_IMPLICIT_RETAIN_SELF = YES;
				CLANG_WARN_OBJC_LITERAL_CONVERSION = YES;
				CLANG_WARN_OBJC_ROOT_CLASS = YES_ERROR;
				CLANG_WARN_QUOTED_INCLUDE_IN_FRAMEWORK_HEADER = YES;
				CLANG_WARN_RANGE_LOOP_ANALYSIS = YES;
				CLANG_WARN_STRICT_PROTOTYPES = YES;
				CLANG_WARN_SUSPICIOUS_MOVE = YES;
				CLANG_WARN_UNGUARDED_AVAILABILITY = YES_AGGRESSIVE;
				CLANG_WARN_UNREACHABLE_CODE = YES;
				CLANG_WARN__DUPLICATE_METHOD_MATCH = YES;
				CODE_SIGN_STYLE = Automatic;
				COPY_PHASE_STRIP = NO;
				CURRENT_PROJECT_VERSION = 1;
				DEBUG_INFORMATION_FORMAT = dwarf;
				DEFINES_MODULE = YES;
				DEVELOPMENT_TEAM = HVUXZ98WB9;
				DYLIB_COMPATIBILITY_VERSION = 1;
				DYLIB_CURRENT_VERSION = 1;
				DYLIB_INSTALL_NAME_BASE = "@rpath";
				ENABLE_STRICT_OBJC_MSGSEND = YES;
				ENABLE_TESTABILITY = YES;
				GCC_C_LANGUAGE_STANDARD = gnu11;
				GCC_DYNAMIC_NO_PIC = NO;
				GCC_NO_COMMON_BLOCKS = YES;
				GCC_OPTIMIZATION_LEVEL = 0;
				GCC_PREPROCESSOR_DEFINITIONS = (
					"DEBUG=1",
					"$(inherited)",
				);
				GCC_WARN_64_TO_32_BIT_CONVERSION = YES;
				GCC_WARN_ABOUT_RETURN_TYPE = YES_ERROR;
				GCC_WARN_UNDECLARED_SELECTOR = YES;
				GCC_WARN_UNINITIALIZED_AUTOS = YES_AGGRESSIVE;
				GCC_WARN_UNUSED_FUNCTION = YES;
				GCC_WARN_UNUSED_VARIABLE = YES;
				GENERATE_INFOPLIST_FILE = YES;
				INFOPLIST_KEY_NSHumanReadableCopyright = "";
				INSTALL_PATH = "$(LOCAL_LIBRARY_DIR)/Frameworks";
				IPHONEOS_DEPLOYMENT_TARGET = 11.0;
				LD_RUNPATH_SEARCH_PATHS = (
					"$(inherited)",
					"@executable_path/Frameworks",
					"@loader_path/Frameworks",
				);
				MARKETING_VERSION = 1.0;
				MTL_ENABLE_DEBUG_INFO = INCLUDE_SOURCE;
				MTL_FAST_MATH = YES;
				ONLY_ACTIVE_ARCH = YES;
				PRODUCT_BUNDLE_IDENTIFIER = com.yoshikawa.kazunari.HelloKit2;
				PRODUCT_NAME = "$(TARGET_NAME:c99extidentifier)";
				SDKROOT = iphoneos;
				SKIP_INSTALL = NO;
				SWIFT_ACTIVE_COMPILATION_CONDITIONS = DEBUG;
				SWIFT_EMIT_LOC_STRINGS = YES;
				SWIFT_OPTIMIZATION_LEVEL = "-Onone";
				SWIFT_VERSION = 5.0;
				TARGETED_DEVICE_FAMILY = "1,2";
				VERSIONING_SYSTEM = "apple-generic";
				VERSION_INFO_PREFIX = "";
			};
			name = Debug;
		};
		31EA09F528BF04CF00D06887 /* Release */ = {
			isa = XCBuildConfiguration;
			buildSettings = {
				ALWAYS_SEARCH_USER_PATHS = NO;
				BUILD_LIBRARY_FOR_DISTRIBUTION = YES;
				CLANG_ALLOW_NON_MODULAR_INCLUDES_IN_FRAMEWORK_MODULES = YES;
				CLANG_ANALYZER_NONNULL = YES;
				CLANG_ANALYZER_NUMBER_OBJECT_CONVERSION = YES_AGGRESSIVE;
				CLANG_CXX_LANGUAGE_STANDARD = "gnu++17";
				CLANG_ENABLE_MODULES = YES;
				CLANG_ENABLE_OBJC_ARC = YES;
				CLANG_ENABLE_OBJC_WEAK = YES;
				CLANG_WARN_BLOCK_CAPTURE_AUTORELEASING = YES;
				CLANG_WARN_BOOL_CONVERSION = YES;
				CLANG_WARN_COMMA = YES;
				CLANG_WARN_CONSTANT_CONVERSION = YES;
				CLANG_WARN_DEPRECATED_OBJC_IMPLEMENTATIONS = YES;
				CLANG_WARN_DIRECT_OBJC_ISA_USAGE = YES_ERROR;
				CLANG_WARN_DOCUMENTATION_COMMENTS = YES;
				CLANG_WARN_EMPTY_BODY = YES;
				CLANG_WARN_ENUM_CONVERSION = YES;
				CLANG_WARN_INFINITE_RECURSION = YES;
				CLANG_WARN_INT_CONVERSION = YES;
				CLANG_WARN_NON_LITERAL_NULL_CONVERSION = YES;
				CLANG_WARN_OBJC_IMPLICIT_RETAIN_SELF = YES;
				CLANG_WARN_OBJC_LITERAL_CONVERSION = YES;
				CLANG_WARN_OBJC_ROOT_CLASS = YES_ERROR;
				CLANG_WARN_QUOTED_INCLUDE_IN_FRAMEWORK_HEADER = YES;
				CLANG_WARN_RANGE_LOOP_ANALYSIS = YES;
				CLANG_WARN_STRICT_PROTOTYPES = YES;
				CLANG_WARN_SUSPICIOUS_MOVE = YES;
				CLANG_WARN_UNGUARDED_AVAILABILITY = YES_AGGRESSIVE;
				CLANG_WARN_UNREACHABLE_CODE = YES;
				CLANG_WARN__DUPLICATE_METHOD_MATCH = YES;
				CODE_SIGN_STYLE = Automatic;
				COPY_PHASE_STRIP = NO;
				CURRENT_PROJECT_VERSION = 1;
				DEBUG_INFORMATION_FORMAT = "dwarf-with-dsym";
				DEFINES_MODULE = YES;
				DEVELOPMENT_TEAM = HVUXZ98WB9;
				DYLIB_COMPATIBILITY_VERSION = 1;
				DYLIB_CURRENT_VERSION = 1;
				DYLIB_INSTALL_NAME_BASE = "@rpath";
				ENABLE_NS_ASSERTIONS = NO;
				ENABLE_STRICT_OBJC_MSGSEND = YES;
				GCC_C_LANGUAGE_STANDARD = gnu11;
				GCC_NO_COMMON_BLOCKS = YES;
				GCC_WARN_64_TO_32_BIT_CONVERSION = YES;
				GCC_WARN_ABOUT_RETURN_TYPE = YES_ERROR;
				GCC_WARN_UNDECLARED_SELECTOR = YES;
				GCC_WARN_UNINITIALIZED_AUTOS = YES_AGGRESSIVE;
				GCC_WARN_UNUSED_FUNCTION = YES;
				GCC_WARN_UNUSED_VARIABLE = YES;
				GENERATE_INFOPLIST_FILE = YES;
				INFOPLIST_KEY_NSHumanReadableCopyright = "";
				INSTALL_PATH = "$(LOCAL_LIBRARY_DIR)/Frameworks";
				IPHONEOS_DEPLOYMENT_TARGET = 11.0;
				LD_RUNPATH_SEARCH_PATHS = (
					"$(inherited)",
					"@executable_path/Frameworks",
					"@loader_path/Frameworks",
				);
				MARKETING_VERSION = 1.0;
				MTL_ENABLE_DEBUG_INFO = NO;
				MTL_FAST_MATH = YES;
				PRODUCT_BUNDLE_IDENTIFIER = com.yoshikawa.kazunari.HelloKit2;
				PRODUCT_NAME = "$(TARGET_NAME:c99extidentifier)";
				SDKROOT = iphoneos;
				SKIP_INSTALL = NO;
				SWIFT_COMPILATION_MODE = wholemodule;
				SWIFT_EMIT_LOC_STRINGS = YES;
				SWIFT_OPTIMIZATION_LEVEL = "-O";
				SWIFT_VERSION = 5.0;
				TARGETED_DEVICE_FAMILY = "1,2";
				VALIDATE_PRODUCT = YES;
				VERSIONING_SYSTEM = "apple-generic";
				VERSION_INFO_PREFIX = "";
			};
			name = Release;
		};
		31EA0A0128BF175400D06887 /* Debug */ = {
			isa = XCBuildConfiguration;
			buildSettings = {
				CODE_SIGN_STYLE = Automatic;
				DEVELOPMENT_TEAM = HVUXZ98WB9;
				PRODUCT_NAME = "$(TARGET_NAME)";
			};
			name = Debug;
		};
		31EA0A0228BF175400D06887 /* Release */ = {
			isa = XCBuildConfiguration;
			buildSettings = {
				CODE_SIGN_STYLE = Automatic;
				DEVELOPMENT_TEAM = HVUXZ98WB9;
				PRODUCT_NAME = "$(TARGET_NAME)";
			};
			name = Release;
		};
/* End XCBuildConfiguration section */

/* Begin XCConfigurationList section */
		31EA09E628BF04A000D06887 /* Build configuration list for PBXProject "HelloKit2" */ = {
			isa = XCConfigurationList;
			buildConfigurations = (
				31EA09E728BF04A000D06887 /* Debug */,
				31EA09E828BF04A000D06887 /* Release */,
			);
			defaultConfigurationIsVisible = 0;
			defaultConfigurationName = Release;
		};
		31EA09F328BF04CF00D06887 /* Build configuration list for PBXNativeTarget "HelloKit2" */ = {
			isa = XCConfigurationList;
			buildConfigurations = (
				31EA09F428BF04CF00D06887 /* Debug */,
				31EA09F528BF04CF00D06887 /* Release */,
			);
			defaultConfigurationIsVisible = 0;
			defaultConfigurationName = Release;
		};
		31EA0A0028BF175400D06887 /* Build configuration list for PBXAggregateTarget "xcframework" */ = {
			isa = XCConfigurationList;
			buildConfigurations = (
				31EA0A0128BF175400D06887 /* Debug */,
				31EA0A0228BF175400D06887 /* Release */,
			);
			defaultConfigurationIsVisible = 0;
			defaultConfigurationName = Release;
		};
/* End XCConfigurationList section */
	};
	rootObject = 31EA09E328BF04A000D06887 /* Project object */;
}
